// !$*UTF8*$!
{
	archiveVersion = 1;
	classes = {
	};
	objectVersion = 56;
	objects = {

/* Begin PBXBuildFile section */
		DE086CA92A0A4867005D3623 /* AppDelegate.swift in Sources */ = {isa = PBXBuildFile; fileRef = DE086CA82A0A4867005D3623 /* AppDelegate.swift */; };
		DE086CAB2A0A4867005D3623 /* SceneDelegate.swift in Sources */ = {isa = PBXBuildFile; fileRef = DE086CAA2A0A4867005D3623 /* SceneDelegate.swift */; };
		DE086CAD2A0A4867005D3623 /* ViewController.swift in Sources */ = {isa = PBXBuildFile; fileRef = DE086CAC2A0A4867005D3623 /* ViewController.swift */; };
		DE086CB02A0A4867005D3623 /* Main.storyboard in Resources */ = {isa = PBXBuildFile; fileRef = DE086CAE2A0A4867005D3623 /* Main.storyboard */; };
		DE086CB22A0A4868005D3623 /* Assets.xcassets in Resources */ = {isa = PBXBuildFile; fileRef = DE086CB12A0A4868005D3623 /* Assets.xcassets */; };
		DE086CB52A0A4868005D3623 /* LaunchScreen.storyboard in Resources */ = {isa = PBXBuildFile; fileRef = DE086CB32A0A4868005D3623 /* LaunchScreen.storyboard */; };
		DE086CC02A0A496C005D3623 /* Alamofire in Frameworks */ = {isa = PBXBuildFile; productRef = DE086CBF2A0A496C005D3623 /* Alamofire */; };
		DE086CC22A0A4993005D3623 /* ApiNetwork.swift in Sources */ = {isa = PBXBuildFile; fileRef = DE086CC12A0A4993005D3623 /* ApiNetwork.swift */; };
		DE086CC42A0A49AB005D3623 /* GenreModel.swift in Sources */ = {isa = PBXBuildFile; fileRef = DE086CC32A0A49AB005D3623 /* GenreModel.swift */; };
		DE086CC62A0A7D55005D3623 /* NetworkErrors.swift in Sources */ = {isa = PBXBuildFile; fileRef = DE086CC52A0A7D55005D3623 /* NetworkErrors.swift */; };
		DE086CCA2A0A87CE005D3623 /* ArtistModel.swift in Sources */ = {isa = PBXBuildFile; fileRef = DE086CC92A0A87CE005D3623 /* ArtistModel.swift */; };
		DE086CCC2A0A8E76005D3623 /* NetworkPaths.swift in Sources */ = {isa = PBXBuildFile; fileRef = DE086CCB2A0A8E76005D3623 /* NetworkPaths.swift */; };
		DE086CCF2A0AAE60005D3623 /* GenreListView.swift in Sources */ = {isa = PBXBuildFile; fileRef = DE086CCE2A0AAE60005D3623 /* GenreListView.swift */; };
		DE086CD12A0AAE95005D3623 /* GenreListViewViewModel.swift in Sources */ = {isa = PBXBuildFile; fileRef = DE086CD02A0AAE95005D3623 /* GenreListViewViewModel.swift */; };
		DE086CD42A0AB09A005D3623 /* AnchorExtension.swift in Sources */ = {isa = PBXBuildFile; fileRef = DE086CD32A0AB09A005D3623 /* AnchorExtension.swift */; };
		DE086CD62A0AD1B9005D3623 /* AddSubviews+Extension.swift in Sources */ = {isa = PBXBuildFile; fileRef = DE086CD52A0AD1B9005D3623 /* AddSubviews+Extension.swift */; };
		DE086CD82A0AE427005D3623 /* GenreCollectionViewCell.swift in Sources */ = {isa = PBXBuildFile; fileRef = DE086CD72A0AE427005D3623 /* GenreCollectionViewCell.swift */; };
		DE086CDA2A0AE542005D3623 /* GenreCollectionViewCellViewModel.swift in Sources */ = {isa = PBXBuildFile; fileRef = DE086CD92A0AE542005D3623 /* GenreCollectionViewCellViewModel.swift */; };
		DE086CDC2A0AFDA4005D3623 /* ArtistsListViewModel.swift in Sources */ = {isa = PBXBuildFile; fileRef = DE086CDB2A0AFDA4005D3623 /* ArtistsListViewModel.swift */; };
		DE086CDE2A0AFF17005D3623 /* ArtistsViewController.swift in Sources */ = {isa = PBXBuildFile; fileRef = DE086CDD2A0AFF17005D3623 /* ArtistsViewController.swift */; };
		DE086CE02A0AFF29005D3623 /* ArtistsListView.swift in Sources */ = {isa = PBXBuildFile; fileRef = DE086CDF2A0AFF29005D3623 /* ArtistsListView.swift */; };
		DE8680E72A0E364B008CFEA1 /* BegeniYedekViewController.swift in Sources */ = {isa = PBXBuildFile; fileRef = DE8680E62A0E364B008CFEA1 /* BegeniYedekViewController.swift */; };
		DE8680E92A0E867F008CFEA1 /* BegenilerCollectionViewCell.swift in Sources */ = {isa = PBXBuildFile; fileRef = DE8680E82A0E867F008CFEA1 /* BegenilerCollectionViewCell.swift */; };
		DE8680EB2A0EC095008CFEA1 /* Header.swift in Sources */ = {isa = PBXBuildFile; fileRef = DE8680EA2A0EC095008CFEA1 /* Header.swift */; };
		DE87E47A2A0CE7ED00328B9F /* TrackersViewController.swift in Sources */ = {isa = PBXBuildFile; fileRef = DE87E4792A0CE7ED00328B9F /* TrackersViewController.swift */; };
		DE87E47C2A0CEC7400328B9F /* TrackListView.swift in Sources */ = {isa = PBXBuildFile; fileRef = DE87E47B2A0CEC7400328B9F /* TrackListView.swift */; };
		DE87E47E2A0CED2600328B9F /* TrackListViewModel.swift in Sources */ = {isa = PBXBuildFile; fileRef = DE87E47D2A0CED2600328B9F /* TrackListViewModel.swift */; };
		DE87E4802A0CEF5D00328B9F /* TrackCollectionViewCell.swift in Sources */ = {isa = PBXBuildFile; fileRef = DE87E47F2A0CEF5D00328B9F /* TrackCollectionViewCell.swift */; };
		DE87E4822A0CFF2500328B9F /* TrackModel.swift in Sources */ = {isa = PBXBuildFile; fileRef = DE87E4812A0CFF2500328B9F /* TrackModel.swift */; };
		DE87E4842A0D086B00328B9F /* TrackCollectionCellViewModel.swift in Sources */ = {isa = PBXBuildFile; fileRef = DE87E4832A0D086B00328B9F /* TrackCollectionCellViewModel.swift */; };
		DE87E48B2A0D250E00328B9F /* RealmTrackModel.swift in Sources */ = {isa = PBXBuildFile; fileRef = DE87E48A2A0D250E00328B9F /* RealmTrackModel.swift */; };
		DE87E48E2A0D2F0A00328B9F /* Realm in Frameworks */ = {isa = PBXBuildFile; productRef = DE87E48D2A0D2F0A00328B9F /* Realm */; };
		DE87E4902A0D2F0A00328B9F /* RealmSwift in Frameworks */ = {isa = PBXBuildFile; productRef = DE87E48F2A0D2F0A00328B9F /* RealmSwift */; };
		DE87E4922A0D3B7A00328B9F /* BegenilerViewController.swift in Sources */ = {isa = PBXBuildFile; fileRef = DE87E4912A0D3B7A00328B9F /* BegenilerViewController.swift */; };
		DE87E4942A0D3FDD00328B9F /* BegenilerListView.swift in Sources */ = {isa = PBXBuildFile; fileRef = DE87E4932A0D3FDD00328B9F /* BegenilerListView.swift */; };
		DE87E4962A0D405100328B9F /* BegeniListViewModel.swift in Sources */ = {isa = PBXBuildFile; fileRef = DE87E4952A0D405100328B9F /* BegeniListViewModel.swift */; };
		DEFA1A4D2A0BCB390068998C /* ArtistCollectionViewCellViewModel.swift in Sources */ = {isa = PBXBuildFile; fileRef = DEFA1A4C2A0BCB390068998C /* ArtistCollectionViewCellViewModel.swift */; };
		DEFA1A4F2A0BCD5B0068998C /* ArtistCollectionViewCell.swift in Sources */ = {isa = PBXBuildFile; fileRef = DEFA1A4E2A0BCD5B0068998C /* ArtistCollectionViewCell.swift */; };
		DEFA1A512A0BF7190068998C /* SingleArtistViewController.swift in Sources */ = {isa = PBXBuildFile; fileRef = DEFA1A502A0BF7190068998C /* SingleArtistViewController.swift */; };
		DEFA1A532A0C15C50068998C /* SingleArtistListView.swift in Sources */ = {isa = PBXBuildFile; fileRef = DEFA1A522A0C15C50068998C /* SingleArtistListView.swift */; };
		DEFA1A552A0C1B5C0068998C /* SingleArtistViewModel.swift in Sources */ = {isa = PBXBuildFile; fileRef = DEFA1A542A0C1B5C0068998C /* SingleArtistViewModel.swift */; };
		DEFA1A572A0C2C240068998C /* SingleArtistCollectionViewCell.swift in Sources */ = {isa = PBXBuildFile; fileRef = DEFA1A562A0C2C230068998C /* SingleArtistCollectionViewCell.swift */; };
		DEFA1A592A0C330C0068998C /* AlbumModel.swift in Sources */ = {isa = PBXBuildFile; fileRef = DEFA1A582A0C330C0068998C /* AlbumModel.swift */; };
		DEFA1A5B2A0C3F5E0068998C /* SingleCollectionCellViewModel.swift in Sources */ = {isa = PBXBuildFile; fileRef = DEFA1A5A2A0C3F5E0068998C /* SingleCollectionCellViewModel.swift */; };
/* End PBXBuildFile section */

/* Begin PBXFileReference section */
		DE086CA52A0A4867005D3623 /* DeezerApp.app */ = {isa = PBXFileReference; explicitFileType = wrapper.application; includeInIndex = 0; path = DeezerApp.app; sourceTree = BUILT_PRODUCTS_DIR; };
		DE086CA82A0A4867005D3623 /* AppDelegate.swift */ = {isa = PBXFileReference; lastKnownFileType = sourcecode.swift; path = AppDelegate.swift; sourceTree = "<group>"; };
		DE086CAA2A0A4867005D3623 /* SceneDelegate.swift */ = {isa = PBXFileReference; lastKnownFileType = sourcecode.swift; path = SceneDelegate.swift; sourceTree = "<group>"; };
		DE086CAC2A0A4867005D3623 /* ViewController.swift */ = {isa = PBXFileReference; lastKnownFileType = sourcecode.swift; path = ViewController.swift; sourceTree = "<group>"; };
		DE086CAF2A0A4867005D3623 /* Base */ = {isa = PBXFileReference; lastKnownFileType = file.storyboard; name = Base; path = Base.lproj/Main.storyboard; sourceTree = "<group>"; };
		DE086CB12A0A4868005D3623 /* Assets.xcassets */ = {isa = PBXFileReference; lastKnownFileType = folder.assetcatalog; path = Assets.xcassets; sourceTree = "<group>"; };
		DE086CB42A0A4868005D3623 /* Base */ = {isa = PBXFileReference; lastKnownFileType = file.storyboard; name = Base; path = Base.lproj/LaunchScreen.storyboard; sourceTree = "<group>"; };
		DE086CB62A0A4868005D3623 /* Info.plist */ = {isa = PBXFileReference; lastKnownFileType = text.plist.xml; path = Info.plist; sourceTree = "<group>"; };
		DE086CC12A0A4993005D3623 /* ApiNetwork.swift */ = {isa = PBXFileReference; lastKnownFileType = sourcecode.swift; path = ApiNetwork.swift; sourceTree = "<group>"; };
		DE086CC32A0A49AB005D3623 /* GenreModel.swift */ = {isa = PBXFileReference; lastKnownFileType = sourcecode.swift; path = GenreModel.swift; sourceTree = "<group>"; };
		DE086CC52A0A7D55005D3623 /* NetworkErrors.swift */ = {isa = PBXFileReference; lastKnownFileType = sourcecode.swift; path = NetworkErrors.swift; sourceTree = "<group>"; };
		DE086CC92A0A87CE005D3623 /* ArtistModel.swift */ = {isa = PBXFileReference; lastKnownFileType = sourcecode.swift; path = ArtistModel.swift; sourceTree = "<group>"; };
		DE086CCB2A0A8E76005D3623 /* NetworkPaths.swift */ = {isa = PBXFileReference; lastKnownFileType = sourcecode.swift; path = NetworkPaths.swift; sourceTree = "<group>"; };
		DE086CCE2A0AAE60005D3623 /* GenreListView.swift */ = {isa = PBXFileReference; lastKnownFileType = sourcecode.swift; path = GenreListView.swift; sourceTree = "<group>"; };
		DE086CD02A0AAE95005D3623 /* GenreListViewViewModel.swift */ = {isa = PBXFileReference; lastKnownFileType = sourcecode.swift; path = GenreListViewViewModel.swift; sourceTree = "<group>"; };
		DE086CD32A0AB09A005D3623 /* AnchorExtension.swift */ = {isa = PBXFileReference; lastKnownFileType = sourcecode.swift; path = AnchorExtension.swift; sourceTree = "<group>"; };
		DE086CD52A0AD1B9005D3623 /* AddSubviews+Extension.swift */ = {isa = PBXFileReference; lastKnownFileType = sourcecode.swift; path = "AddSubviews+Extension.swift"; sourceTree = "<group>"; };
		DE086CD72A0AE427005D3623 /* GenreCollectionViewCell.swift */ = {isa = PBXFileReference; lastKnownFileType = sourcecode.swift; path = GenreCollectionViewCell.swift; sourceTree = "<group>"; };
		DE086CD92A0AE542005D3623 /* GenreCollectionViewCellViewModel.swift */ = {isa = PBXFileReference; lastKnownFileType = sourcecode.swift; path = GenreCollectionViewCellViewModel.swift; sourceTree = "<group>"; };
		DE086CDB2A0AFDA4005D3623 /* ArtistsListViewModel.swift */ = {isa = PBXFileReference; lastKnownFileType = sourcecode.swift; path = ArtistsListViewModel.swift; sourceTree = "<group>"; };
		DE086CDD2A0AFF17005D3623 /* ArtistsViewController.swift */ = {isa = PBXFileReference; lastKnownFileType = sourcecode.swift; path = ArtistsViewController.swift; sourceTree = "<group>"; };
		DE086CDF2A0AFF29005D3623 /* ArtistsListView.swift */ = {isa = PBXFileReference; lastKnownFileType = sourcecode.swift; path = ArtistsListView.swift; sourceTree = "<group>"; };
		DE8680E62A0E364B008CFEA1 /* BegeniYedekViewController.swift */ = {isa = PBXFileReference; lastKnownFileType = sourcecode.swift; path = BegeniYedekViewController.swift; sourceTree = "<group>"; };
		DE8680E82A0E867F008CFEA1 /* BegenilerCollectionViewCell.swift */ = {isa = PBXFileReference; lastKnownFileType = sourcecode.swift; path = BegenilerCollectionViewCell.swift; sourceTree = "<group>"; };
		DE8680EA2A0EC095008CFEA1 /* Header.swift */ = {isa = PBXFileReference; lastKnownFileType = sourcecode.swift; path = Header.swift; sourceTree = "<group>"; };
		DE87E4792A0CE7ED00328B9F /* TrackersViewController.swift */ = {isa = PBXFileReference; lastKnownFileType = sourcecode.swift; path = TrackersViewController.swift; sourceTree = "<group>"; };
		DE87E47B2A0CEC7400328B9F /* TrackListView.swift */ = {isa = PBXFileReference; lastKnownFileType = sourcecode.swift; path = TrackListView.swift; sourceTree = "<group>"; };
		DE87E47D2A0CED2600328B9F /* TrackListViewModel.swift */ = {isa = PBXFileReference; lastKnownFileType = sourcecode.swift; path = TrackListViewModel.swift; sourceTree = "<group>"; };
		DE87E47F2A0CEF5D00328B9F /* TrackCollectionViewCell.swift */ = {isa = PBXFileReference; lastKnownFileType = sourcecode.swift; path = TrackCollectionViewCell.swift; sourceTree = "<group>"; };
		DE87E4812A0CFF2500328B9F /* TrackModel.swift */ = {isa = PBXFileReference; lastKnownFileType = sourcecode.swift; path = TrackModel.swift; sourceTree = "<group>"; };
		DE87E4832A0D086B00328B9F /* TrackCollectionCellViewModel.swift */ = {isa = PBXFileReference; lastKnownFileType = sourcecode.swift; path = TrackCollectionCellViewModel.swift; sourceTree = "<group>"; };
		DE87E48A2A0D250E00328B9F /* RealmTrackModel.swift */ = {isa = PBXFileReference; lastKnownFileType = sourcecode.swift; path = RealmTrackModel.swift; sourceTree = "<group>"; };
		DE87E4912A0D3B7A00328B9F /* BegenilerViewController.swift */ = {isa = PBXFileReference; lastKnownFileType = sourcecode.swift; path = BegenilerViewController.swift; sourceTree = "<group>"; };
		DE87E4932A0D3FDD00328B9F /* BegenilerListView.swift */ = {isa = PBXFileReference; lastKnownFileType = sourcecode.swift; path = BegenilerListView.swift; sourceTree = "<group>"; };
		DE87E4952A0D405100328B9F /* BegeniListViewModel.swift */ = {isa = PBXFileReference; lastKnownFileType = sourcecode.swift; path = BegeniListViewModel.swift; sourceTree = "<group>"; };
		DEFA1A4C2A0BCB390068998C /* ArtistCollectionViewCellViewModel.swift */ = {isa = PBXFileReference; lastKnownFileType = sourcecode.swift; path = ArtistCollectionViewCellViewModel.swift; sourceTree = "<group>"; };
		DEFA1A4E2A0BCD5B0068998C /* ArtistCollectionViewCell.swift */ = {isa = PBXFileReference; lastKnownFileType = sourcecode.swift; path = ArtistCollectionViewCell.swift; sourceTree = "<group>"; };
		DEFA1A502A0BF7190068998C /* SingleArtistViewController.swift */ = {isa = PBXFileReference; lastKnownFileType = sourcecode.swift; path = SingleArtistViewController.swift; sourceTree = "<group>"; };
		DEFA1A522A0C15C50068998C /* SingleArtistListView.swift */ = {isa = PBXFileReference; lastKnownFileType = sourcecode.swift; path = SingleArtistListView.swift; sourceTree = "<group>"; };
		DEFA1A542A0C1B5C0068998C /* SingleArtistViewModel.swift */ = {isa = PBXFileReference; lastKnownFileType = sourcecode.swift; path = SingleArtistViewModel.swift; sourceTree = "<group>"; };
		DEFA1A562A0C2C230068998C /* SingleArtistCollectionViewCell.swift */ = {isa = PBXFileReference; lastKnownFileType = sourcecode.swift; path = SingleArtistCollectionViewCell.swift; sourceTree = "<group>"; };
		DEFA1A582A0C330C0068998C /* AlbumModel.swift */ = {isa = PBXFileReference; lastKnownFileType = sourcecode.swift; path = AlbumModel.swift; sourceTree = "<group>"; };
		DEFA1A5A2A0C3F5E0068998C /* SingleCollectionCellViewModel.swift */ = {isa = PBXFileReference; lastKnownFileType = sourcecode.swift; path = SingleCollectionCellViewModel.swift; sourceTree = "<group>"; };
/* End PBXFileReference section */

/* Begin PBXFrameworksBuildPhase section */
		DE086CA22A0A4867005D3623 /* Frameworks */ = {
			isa = PBXFrameworksBuildPhase;
			buildActionMask = 2147483647;
			files = (
				DE87E4902A0D2F0A00328B9F /* RealmSwift in Frameworks */,
				DE87E48E2A0D2F0A00328B9F /* Realm in Frameworks */,
				DE086CC02A0A496C005D3623 /* Alamofire in Frameworks */,
			);
			runOnlyForDeploymentPostprocessing = 0;
		};
/* End PBXFrameworksBuildPhase section */

/* Begin PBXGroup section */
		DE086C9C2A0A4867005D3623 = {
			isa = PBXGroup;
			children = (
				DE086CA72A0A4867005D3623 /* DeezerApp */,
				DE086CA62A0A4867005D3623 /* Products */,
			);
			sourceTree = "<group>";
		};
		DE086CA62A0A4867005D3623 /* Products */ = {
			isa = PBXGroup;
			children = (
				DE086CA52A0A4867005D3623 /* DeezerApp.app */,
			);
			name = Products;
			sourceTree = "<group>";
		};
		DE086CA72A0A4867005D3623 /* DeezerApp */ = {
			isa = PBXGroup;
			children = (
				DE086CD22A0AB08A005D3623 /* Extensions */,
				DE086CBD2A0A487C005D3623 /* Network */,
				DE086CC82A0A861C005D3623 /* Controller */,
				DE086CCD2A0AAE3C005D3623 /* ViewModel */,
				DE086CC72A0A8616005D3623 /* View */,
				DE086CBC2A0A4877005D3623 /* Model */,
				DE086CA82A0A4867005D3623 /* AppDelegate.swift */,
				DE086CAA2A0A4867005D3623 /* SceneDelegate.swift */,
				DE086CAE2A0A4867005D3623 /* Main.storyboard */,
				DE086CB12A0A4868005D3623 /* Assets.xcassets */,
				DE086CB32A0A4868005D3623 /* LaunchScreen.storyboard */,
				DE086CB62A0A4868005D3623 /* Info.plist */,
			);
			path = DeezerApp;
			sourceTree = "<group>";
		};
		DE086CBC2A0A4877005D3623 /* Model */ = {
			isa = PBXGroup;
			children = (
				DE086CC32A0A49AB005D3623 /* GenreModel.swift */,
				DE086CC92A0A87CE005D3623 /* ArtistModel.swift */,
				DEFA1A582A0C330C0068998C /* AlbumModel.swift */,
				DE87E4812A0CFF2500328B9F /* TrackModel.swift */,
				DE87E48A2A0D250E00328B9F /* RealmTrackModel.swift */,
			);
			path = Model;
			sourceTree = "<group>";
		};
		DE086CBD2A0A487C005D3623 /* Network */ = {
			isa = PBXGroup;
			children = (
				DE086CC12A0A4993005D3623 /* ApiNetwork.swift */,
				DE086CC52A0A7D55005D3623 /* NetworkErrors.swift */,
				DE086CCB2A0A8E76005D3623 /* NetworkPaths.swift */,
				DE8680E62A0E364B008CFEA1 /* BegeniYedekViewController.swift */,
			);
			path = Network;
			sourceTree = "<group>";
		};
		DE086CC72A0A8616005D3623 /* View */ = {
			isa = PBXGroup;
			children = (
				DE086CCE2A0AAE60005D3623 /* GenreListView.swift */,
				DE086CD72A0AE427005D3623 /* GenreCollectionViewCell.swift */,
				DE086CDF2A0AFF29005D3623 /* ArtistsListView.swift */,
				DEFA1A4E2A0BCD5B0068998C /* ArtistCollectionViewCell.swift */,
				DEFA1A522A0C15C50068998C /* SingleArtistListView.swift */,
				DEFA1A562A0C2C230068998C /* SingleArtistCollectionViewCell.swift */,
				DE87E47B2A0CEC7400328B9F /* TrackListView.swift */,
				DE87E47F2A0CEF5D00328B9F /* TrackCollectionViewCell.swift */,
				DE87E4932A0D3FDD00328B9F /* BegenilerListView.swift */,
				DE8680E82A0E867F008CFEA1 /* BegenilerCollectionViewCell.swift */,
				DE8680EA2A0EC095008CFEA1 /* Header.swift */,
			);
			path = View;
			sourceTree = "<group>";
		};
		DE086CC82A0A861C005D3623 /* Controller */ = {
			isa = PBXGroup;
			children = (
				DE086CAC2A0A4867005D3623 /* ViewController.swift */,
				DE086CDD2A0AFF17005D3623 /* ArtistsViewController.swift */,
				DEFA1A502A0BF7190068998C /* SingleArtistViewController.swift */,
				DE87E4792A0CE7ED00328B9F /* TrackersViewController.swift */,
				DE87E4912A0D3B7A00328B9F /* BegenilerViewController.swift */,
			);
			path = Controller;
			sourceTree = "<group>";
		};
		DE086CCD2A0AAE3C005D3623 /* ViewModel */ = {
			isa = PBXGroup;
			children = (
				DE086CD02A0AAE95005D3623 /* GenreListViewViewModel.swift */,
				DE086CD92A0AE542005D3623 /* GenreCollectionViewCellViewModel.swift */,
				DE086CDB2A0AFDA4005D3623 /* ArtistsListViewModel.swift */,
				DEFA1A4C2A0BCB390068998C /* ArtistCollectionViewCellViewModel.swift */,
				DEFA1A542A0C1B5C0068998C /* SingleArtistViewModel.swift */,
				DEFA1A5A2A0C3F5E0068998C /* SingleCollectionCellViewModel.swift */,
				DE87E47D2A0CED2600328B9F /* TrackListViewModel.swift */,
				DE87E4832A0D086B00328B9F /* TrackCollectionCellViewModel.swift */,
				DE87E4952A0D405100328B9F /* BegeniListViewModel.swift */,
			);
			path = ViewModel;
			sourceTree = "<group>";
		};
		DE086CD22A0AB08A005D3623 /* Extensions */ = {
			isa = PBXGroup;
			children = (
				DE086CD32A0AB09A005D3623 /* AnchorExtension.swift */,
				DE086CD52A0AD1B9005D3623 /* AddSubviews+Extension.swift */,
			);
			path = Extensions;
			sourceTree = "<group>";
		};
/* End PBXGroup section */

/* Begin PBXNativeTarget section */
		DE086CA42A0A4867005D3623 /* DeezerApp */ = {
			isa = PBXNativeTarget;
			buildConfigurationList = DE086CB92A0A4868005D3623 /* Build configuration list for PBXNativeTarget "DeezerApp" */;
			buildPhases = (
				DE086CA12A0A4867005D3623 /* Sources */,
				DE086CA22A0A4867005D3623 /* Frameworks */,
				DE086CA32A0A4867005D3623 /* Resources */,
			);
			buildRules = (
			);
			dependencies = (
			);
			name = DeezerApp;
			packageProductDependencies = (
				DE086CBF2A0A496C005D3623 /* Alamofire */,
				DE87E48D2A0D2F0A00328B9F /* Realm */,
				DE87E48F2A0D2F0A00328B9F /* RealmSwift */,
			);
			productName = DeezerApp;
			productReference = DE086CA52A0A4867005D3623 /* DeezerApp.app */;
			productType = "com.apple.product-type.application";
		};
/* End PBXNativeTarget section */

/* Begin PBXProject section */
		DE086C9D2A0A4867005D3623 /* Project object */ = {
			isa = PBXProject;
			attributes = {
				BuildIndependentTargetsInParallel = 1;
				LastSwiftUpdateCheck = 1430;
				LastUpgradeCheck = 1430;
				TargetAttributes = {
					DE086CA42A0A4867005D3623 = {
						CreatedOnToolsVersion = 14.3;
					};
				};
			};
			buildConfigurationList = DE086CA02A0A4867005D3623 /* Build configuration list for PBXProject "DeezerApp" */;
			compatibilityVersion = "Xcode 14.0";
			developmentRegion = en;
			hasScannedForEncodings = 0;
			knownRegions = (
				en,
				Base,
			);
			mainGroup = DE086C9C2A0A4867005D3623;
			packageReferences = (
				DE086CBE2A0A496C005D3623 /* XCRemoteSwiftPackageReference "Alamofire" */,
				DE87E48C2A0D2F0A00328B9F /* XCRemoteSwiftPackageReference "realm-swift" */,
			);
			productRefGroup = DE086CA62A0A4867005D3623 /* Products */;
			projectDirPath = "";
			projectRoot = "";
			targets = (
				DE086CA42A0A4867005D3623 /* DeezerApp */,
			);
		};
/* End PBXProject section */

/* Begin PBXResourcesBuildPhase section */
		DE086CA32A0A4867005D3623 /* Resources */ = {
			isa = PBXResourcesBuildPhase;
			buildActionMask = 2147483647;
			files = (
				DE086CB52A0A4868005D3623 /* LaunchScreen.storyboard in Resources */,
				DE086CB22A0A4868005D3623 /* Assets.xcassets in Resources */,
				DE086CB02A0A4867005D3623 /* Main.storyboard in Resources */,
			);
			runOnlyForDeploymentPostprocessing = 0;
		};
/* End PBXResourcesBuildPhase section */

/* Begin PBXSourcesBuildPhase section */
		DE086CA12A0A4867005D3623 /* Sources */ = {
			isa = PBXSourcesBuildPhase;
			buildActionMask = 2147483647;
			files = (
				DE8680EB2A0EC095008CFEA1 /* Header.swift in Sources */,
				DE87E47E2A0CED2600328B9F /* TrackListViewModel.swift in Sources */,
				DE87E4962A0D405100328B9F /* BegeniListViewModel.swift in Sources */,
				DE086CAD2A0A4867005D3623 /* ViewController.swift in Sources */,
				DE87E4922A0D3B7A00328B9F /* BegenilerViewController.swift in Sources */,
				DE086CC42A0A49AB005D3623 /* GenreModel.swift in Sources */,
				DE086CCA2A0A87CE005D3623 /* ArtistModel.swift in Sources */,
				DE086CDA2A0AE542005D3623 /* GenreCollectionViewCellViewModel.swift in Sources */,
				DE086CD12A0AAE95005D3623 /* GenreListViewViewModel.swift in Sources */,
				DE086CE02A0AFF29005D3623 /* ArtistsListView.swift in Sources */,
				DE87E48B2A0D250E00328B9F /* RealmTrackModel.swift in Sources */,
				DEFA1A512A0BF7190068998C /* SingleArtistViewController.swift in Sources */,
				DEFA1A552A0C1B5C0068998C /* SingleArtistViewModel.swift in Sources */,
				DE086CA92A0A4867005D3623 /* AppDelegate.swift in Sources */,
				DE086CCF2A0AAE60005D3623 /* GenreListView.swift in Sources */,
				DE086CAB2A0A4867005D3623 /* SceneDelegate.swift in Sources */,
				DE8680E92A0E867F008CFEA1 /* BegenilerCollectionViewCell.swift in Sources */,
				DE086CC22A0A4993005D3623 /* ApiNetwork.swift in Sources */,
				DE87E4822A0CFF2500328B9F /* TrackModel.swift in Sources */,
				DEFA1A4F2A0BCD5B0068998C /* ArtistCollectionViewCell.swift in Sources */,
				DEFA1A592A0C330C0068998C /* AlbumModel.swift in Sources */,
				DEFA1A4D2A0BCB390068998C /* ArtistCollectionViewCellViewModel.swift in Sources */,
				DE87E47A2A0CE7ED00328B9F /* TrackersViewController.swift in Sources */,
				DE87E47C2A0CEC7400328B9F /* TrackListView.swift in Sources */,
				DE086CD42A0AB09A005D3623 /* AnchorExtension.swift in Sources */,
				DE87E4802A0CEF5D00328B9F /* TrackCollectionViewCell.swift in Sources */,
				DEFA1A532A0C15C50068998C /* SingleArtistListView.swift in Sources */,
				DE8680E72A0E364B008CFEA1 /* BegeniYedekViewController.swift in Sources */,
				DE086CDC2A0AFDA4005D3623 /* ArtistsListViewModel.swift in Sources */,
				DE086CC62A0A7D55005D3623 /* NetworkErrors.swift in Sources */,
				DEFA1A5B2A0C3F5E0068998C /* SingleCollectionCellViewModel.swift in Sources */,
				DE086CCC2A0A8E76005D3623 /* NetworkPaths.swift in Sources */,
				DE086CD82A0AE427005D3623 /* GenreCollectionViewCell.swift in Sources */,
				DEFA1A572A0C2C240068998C /* SingleArtistCollectionViewCell.swift in Sources */,
				DE87E4942A0D3FDD00328B9F /* BegenilerListView.swift in Sources */,
				DE87E4842A0D086B00328B9F /* TrackCollectionCellViewModel.swift in Sources */,
				DE086CD62A0AD1B9005D3623 /* AddSubviews+Extension.swift in Sources */,
				DE086CDE2A0AFF17005D3623 /* ArtistsViewController.swift in Sources */,
			);
			runOnlyForDeploymentPostprocessing = 0;
		};
/* End PBXSourcesBuildPhase section */

/* Begin PBXVariantGroup section */
		DE086CAE2A0A4867005D3623 /* Main.storyboard */ = {
			isa = PBXVariantGroup;
			children = (
				DE086CAF2A0A4867005D3623 /* Base */,
			);
			name = Main.storyboard;
			sourceTree = "<group>";
		};
		DE086CB32A0A4868005D3623 /* LaunchScreen.storyboard */ = {
			isa = PBXVariantGroup;
			children = (
				DE086CB42A0A4868005D3623 /* Base */,
			);
			name = LaunchScreen.storyboard;
			sourceTree = "<group>";
		};
/* End PBXVariantGroup section */

/* Begin XCBuildConfiguration section */
		DE086CB72A0A4868005D3623 /* Debug */ = {
			isa = XCBuildConfiguration;
			buildSettings = {
				ALWAYS_SEARCH_USER_PATHS = NO;
				CLANG_ANALYZER_NONNULL = YES;
				CLANG_ANALYZER_NUMBER_OBJECT_CONVERSION = YES_AGGRESSIVE;
				CLANG_CXX_LANGUAGE_STANDARD = "gnu++20";
				CLANG_ENABLE_MODULES = YES;
				CLANG_ENABLE_OBJC_ARC = YES;
				CLANG_ENABLE_OBJC_WEAK = YES;
				CLANG_WARN_BLOCK_CAPTURE_AUTORELEASING = YES;
				CLANG_WARN_BOOL_CONVERSION = YES;
				CLANG_WARN_COMMA = YES;
				CLANG_WARN_CONSTANT_CONVERSION = YES;
				CLANG_WARN_DEPRECATED_OBJC_IMPLEMENTATIONS = YES;
				CLANG_WARN_DIRECT_OBJC_ISA_USAGE = YES_ERROR;
				CLANG_WARN_DOCUMENTATION_COMMENTS = YES;
				CLANG_WARN_EMPTY_BODY = YES;
				CLANG_WARN_ENUM_CONVERSION = YES;
				CLANG_WARN_INFINITE_RECURSION = YES;
				CLANG_WARN_INT_CONVERSION = YES;
				CLANG_WARN_NON_LITERAL_NULL_CONVERSION = YES;
				CLANG_WARN_OBJC_IMPLICIT_RETAIN_SELF = YES;
				CLANG_WARN_OBJC_LITERAL_CONVERSION = YES;
				CLANG_WARN_OBJC_ROOT_CLASS = YES_ERROR;
				CLANG_WARN_QUOTED_INCLUDE_IN_FRAMEWORK_HEADER = YES;
				CLANG_WARN_RANGE_LOOP_ANALYSIS = YES;
				CLANG_WARN_STRICT_PROTOTYPES = YES;
				CLANG_WARN_SUSPICIOUS_MOVE = YES;
				CLANG_WARN_UNGUARDED_AVAILABILITY = YES_AGGRESSIVE;
				CLANG_WARN_UNREACHABLE_CODE = YES;
				CLANG_WARN__DUPLICATE_METHOD_MATCH = YES;
				COPY_PHASE_STRIP = NO;
				DEBUG_INFORMATION_FORMAT = dwarf;
				ENABLE_STRICT_OBJC_MSGSEND = YES;
				ENABLE_TESTABILITY = YES;
				GCC_C_LANGUAGE_STANDARD = gnu11;
				GCC_DYNAMIC_NO_PIC = NO;
				GCC_NO_COMMON_BLOCKS = YES;
				GCC_OPTIMIZATION_LEVEL = 0;
				GCC_PREPROCESSOR_DEFINITIONS = (
					"DEBUG=1",
					"$(inherited)",
				);
				GCC_WARN_64_TO_32_BIT_CONVERSION = YES;
				GCC_WARN_ABOUT_RETURN_TYPE = YES_ERROR;
				GCC_WARN_UNDECLARED_SELECTOR = YES;
				GCC_WARN_UNINITIALIZED_AUTOS = YES_AGGRESSIVE;
				GCC_WARN_UNUSED_FUNCTION = YES;
				GCC_WARN_UNUSED_VARIABLE = YES;
				IPHONEOS_DEPLOYMENT_TARGET = 16.4;
				MTL_ENABLE_DEBUG_INFO = INCLUDE_SOURCE;
				MTL_FAST_MATH = YES;
				ONLY_ACTIVE_ARCH = YES;
				SDKROOT = iphoneos;
				SWIFT_ACTIVE_COMPILATION_CONDITIONS = DEBUG;
				SWIFT_OPTIMIZATION_LEVEL = "-Onone";
			};
			name = Debug;
		};
		DE086CB82A0A4868005D3623 /* Release */ = {
			isa = XCBuildConfiguration;
			buildSettings = {
				ALWAYS_SEARCH_USER_PATHS = NO;
				CLANG_ANALYZER_NONNULL = YES;
				CLANG_ANALYZER_NUMBER_OBJECT_CONVERSION = YES_AGGRESSIVE;
				CLANG_CXX_LANGUAGE_STANDARD = "gnu++20";
				CLANG_ENABLE_MODULES = YES;
				CLANG_ENABLE_OBJC_ARC = YES;
				CLANG_ENABLE_OBJC_WEAK = YES;
				CLANG_WARN_BLOCK_CAPTURE_AUTORELEASING = YES;
				CLANG_WARN_BOOL_CONVERSION = YES;
				CLANG_WARN_COMMA = YES;
				CLANG_WARN_CONSTANT_CONVERSION = YES;
				CLANG_WARN_DEPRECATED_OBJC_IMPLEMENTATIONS = YES;
				CLANG_WARN_DIRECT_OBJC_ISA_USAGE = YES_ERROR;
				CLANG_WARN_DOCUMENTATION_COMMENTS = YES;
				CLANG_WARN_EMPTY_BODY = YES;
				CLANG_WARN_ENUM_CONVERSION = YES;
				CLANG_WARN_INFINITE_RECURSION = YES;
				CLANG_WARN_INT_CONVERSION = YES;
				CLANG_WARN_NON_LITERAL_NULL_CONVERSION = YES;
				CLANG_WARN_OBJC_IMPLICIT_RETAIN_SELF = YES;
				CLANG_WARN_OBJC_LITERAL_CONVERSION = YES;
				CLANG_WARN_OBJC_ROOT_CLASS = YES_ERROR;
				CLANG_WARN_QUOTED_INCLUDE_IN_FRAMEWORK_HEADER = YES;
				CLANG_WARN_RANGE_LOOP_ANALYSIS = YES;
				CLANG_WARN_STRICT_PROTOTYPES = YES;
				CLANG_WARN_SUSPICIOUS_MOVE = YES;
				CLANG_WARN_UNGUARDED_AVAILABILITY = YES_AGGRESSIVE;
				CLANG_WARN_UNREACHABLE_CODE = YES;
				CLANG_WARN__DUPLICATE_METHOD_MATCH = YES;
				COPY_PHASE_STRIP = NO;
				DEBUG_INFORMATION_FORMAT = "dwarf-with-dsym";
				ENABLE_NS_ASSERTIONS = NO;
				ENABLE_STRICT_OBJC_MSGSEND = YES;
				GCC_C_LANGUAGE_STANDARD = gnu11;
				GCC_NO_COMMON_BLOCKS = YES;
				GCC_WARN_64_TO_32_BIT_CONVERSION = YES;
				GCC_WARN_ABOUT_RETURN_TYPE = YES_ERROR;
				GCC_WARN_UNDECLARED_SELECTOR = YES;
				GCC_WARN_UNINITIALIZED_AUTOS = YES_AGGRESSIVE;
				GCC_WARN_UNUSED_FUNCTION = YES;
				GCC_WARN_UNUSED_VARIABLE = YES;
				IPHONEOS_DEPLOYMENT_TARGET = 16.4;
				MTL_ENABLE_DEBUG_INFO = NO;
				MTL_FAST_MATH = YES;
				SDKROOT = iphoneos;
				SWIFT_COMPILATION_MODE = wholemodule;
				SWIFT_OPTIMIZATION_LEVEL = "-O";
				VALIDATE_PRODUCT = YES;
			};
			name = Release;
		};
		DE086CBA2A0A4868005D3623 /* Debug */ = {
			isa = XCBuildConfiguration;
			buildSettings = {
				ASSETCATALOG_COMPILER_APPICON_NAME = AppIcon;
				ASSETCATALOG_COMPILER_GLOBAL_ACCENT_COLOR_NAME = AccentColor;
				CODE_SIGN_STYLE = Automatic;
				CURRENT_PROJECT_VERSION = 1;
				DEVELOPMENT_TEAM = ZY98G8GQD4;
				GENERATE_INFOPLIST_FILE = YES;
				INFOPLIST_FILE = DeezerApp/Info.plist;
				INFOPLIST_KEY_UIApplicationSupportsIndirectInputEvents = YES;
				INFOPLIST_KEY_UILaunchStoryboardName = LaunchScreen;
				INFOPLIST_KEY_UIMainStoryboardFile = Main;
				INFOPLIST_KEY_UISupportedInterfaceOrientations_iPad = "UIInterfaceOrientationPortrait UIInterfaceOrientationPortraitUpsideDown UIInterfaceOrientationLandscapeLeft UIInterfaceOrientationLandscapeRight";
				INFOPLIST_KEY_UISupportedInterfaceOrientations_iPhone = "UIInterfaceOrientationPortrait UIInterfaceOrientationLandscapeLeft UIInterfaceOrientationLandscapeRight";
				IPHONEOS_DEPLOYMENT_TARGET = 13.0;
				LD_RUNPATH_SEARCH_PATHS = (
					"$(inherited)",
					"@executable_path/Frameworks",
				);
				MARKETING_VERSION = 1.0;
				PRODUCT_BUNDLE_IDENTIFIER = com.erkancosar.DeezerApp;
				PRODUCT_NAME = "$(TARGET_NAME)";
				SWIFT_EMIT_LOC_STRINGS = YES;
				SWIFT_VERSION = 5.0;
				TARGETED_DEVICE_FAMILY = "1,2";
			};
			name = Debug;
		};
		DE086CBB2A0A4868005D3623 /* Release */ = {
			isa = XCBuildConfiguration;
			buildSettings = {
				ASSETCATALOG_COMPILER_APPICON_NAME = AppIcon;
				ASSETCATALOG_COMPILER_GLOBAL_ACCENT_COLOR_NAME = AccentColor;
				CODE_SIGN_STYLE = Automatic;
				CURRENT_PROJECT_VERSION = 1;
				DEVELOPMENT_TEAM = ZY98G8GQD4;
				GENERATE_INFOPLIST_FILE = YES;
				INFOPLIST_FILE = DeezerApp/Info.plist;
				INFOPLIST_KEY_UIApplicationSupportsIndirectInputEvents = YES;
				INFOPLIST_KEY_UILaunchStoryboardName = LaunchScreen;
				INFOPLIST_KEY_UIMainStoryboardFile = Main;
				INFOPLIST_KEY_UISupportedInterfaceOrientations_iPad = "UIInterfaceOrientationPortrait UIInterfaceOrientationPortraitUpsideDown UIInterfaceOrientationLandscapeLeft UIInterfaceOrientationLandscapeRight";
				INFOPLIST_KEY_UISupportedInterfaceOrientations_iPhone = "UIInterfaceOrientationPortrait UIInterfaceOrientationLandscapeLeft UIInterfaceOrientationLandscapeRight";
				IPHONEOS_DEPLOYMENT_TARGET = 13.0;
				LD_RUNPATH_SEARCH_PATHS = (
					"$(inherited)",
					"@executable_path/Frameworks",
				);
				MARKETING_VERSION = 1.0;
				PRODUCT_BUNDLE_IDENTIFIER = com.erkancosar.DeezerApp;
				PRODUCT_NAME = "$(TARGET_NAME)";
				SWIFT_EMIT_LOC_STRINGS = YES;
				SWIFT_VERSION = 5.0;
				TARGETED_DEVICE_FAMILY = "1,2";
			};
			name = Release;
		};
/* End XCBuildConfiguration section */

/* Begin XCConfigurationList section */
		DE086CA02A0A4867005D3623 /* Build configuration list for PBXProject "DeezerApp" */ = {
			isa = XCConfigurationList;
			buildConfigurations = (
				DE086CB72A0A4868005D3623 /* Debug */,
				DE086CB82A0A4868005D3623 /* Release */,
			);
			defaultConfigurationIsVisible = 0;
			defaultConfigurationName = Release;
		};
		DE086CB92A0A4868005D3623 /* Build configuration list for PBXNativeTarget "DeezerApp" */ = {
			isa = XCConfigurationList;
			buildConfigurations = (
				DE086CBA2A0A4868005D3623 /* Debug */,
				DE086CBB2A0A4868005D3623 /* Release */,
			);
			defaultConfigurationIsVisible = 0;
			defaultConfigurationName = Release;
		};
/* End XCConfigurationList section */

/* Begin XCRemoteSwiftPackageReference section */
		DE086CBE2A0A496C005D3623 /* XCRemoteSwiftPackageReference "Alamofire" */ = {
			isa = XCRemoteSwiftPackageReference;
			repositoryURL = "https://github.com/Alamofire/Alamofire";
			requirement = {
				kind = upToNextMajorVersion;
				minimumVersion = 5.0.0;
			};
		};
		DE87E48C2A0D2F0A00328B9F /* XCRemoteSwiftPackageReference "realm-swift" */ = {
			isa = XCRemoteSwiftPackageReference;
			repositoryURL = "https://github.com/realm/realm-swift.git";
			requirement = {
				branch = master;
				kind = branch;
			};
		};
/* End XCRemoteSwiftPackageReference section */

/* Begin XCSwiftPackageProductDependency section */
		DE086CBF2A0A496C005D3623 /* Alamofire */ = {
			isa = XCSwiftPackageProductDependency;
			package = DE086CBE2A0A496C005D3623 /* XCRemoteSwiftPackageReference "Alamofire" */;
			productName = Alamofire;
		};
		DE87E48D2A0D2F0A00328B9F /* Realm */ = {
			isa = XCSwiftPackageProductDependency;
			package = DE87E48C2A0D2F0A00328B9F /* XCRemoteSwiftPackageReference "realm-swift" */;
			productName = Realm;
		};
		DE87E48F2A0D2F0A00328B9F /* RealmSwift */ = {
			isa = XCSwiftPackageProductDependency;
			package = DE87E48C2A0D2F0A00328B9F /* XCRemoteSwiftPackageReference "realm-swift" */;
			productName = RealmSwift;
		};
/* End XCSwiftPackageProductDependency section */
	};
	rootObject = DE086C9D2A0A4867005D3623 /* Project object */;
}
